github.com/yosida95/uritemplate v0.0.0-20170413134207-5c22f358020b h1:Lz1ji+ezbzsAY9OFYZxa+Tzao42+DMJIR6jn3N+H87I=
github.com/yosida95/uritemplate v0.0.0-20170413134207-5c22f358020b/go.mod h1:mksJanHNnLsh6wYgt/AbBRZ4ogsHsO2uiZlm/UURY5c=
github.com/yosida95/uritemplate v2.0.0+incompatible h1:j6LR/+4tiD14zc0Z0M8QilHLULqgZFD47XqgXQgCE1A=
github.com/yosida95/uritemplate v2.0.0+incompatible/go.mod h1:mksJanHNnLsh6wYgt/AbBRZ4ogsHsO2uiZlm/UURY5c=
